
Microsoft Visual Studio Solution File, Format Version 12.00
# Visual Studio Version 17
VisualStudioVersion = 17.5.33424.131
MinimumVisualStudioVersion = 10.0.40219.1
Project("{FAE04EC0-301F-11D3-BF4B-00C04F79EFBC}") = "TestCaseXp.API", "TestCaseXp.API\TestCaseXp.API.csproj", "{8CFAE1AC-3DAD-49DD-9A40-0D16E6AB3E3E}"
EndProject
Project("{2150E333-8FDC-42A3-9474-1A3956D46DE8}") = "TestCaseXp", "TestCaseXp", "{637E6584-DD46-422F-965E-B0237EF9BA43}"
EndProject
Project("{2150E333-8FDC-42A3-9474-1A3956D46DE8}") = "Api", "Api", "{040A2034-17B8-4CB8-85F5-2155E6F26FD4}"
EndProject
Project("{2150E333-8FDC-42A3-9474-1A3956D46DE8}") = "Core", "Core", "{6091C87A-1D32-411C-BD33-980672E267A2}"
EndProject
Project("{2150E333-8FDC-42A3-9474-1A3956D46DE8}") = "Infrastructure", "Infrastructure", "{CE35FEE9-AF5E-4634-AF33-79CF8022F5A2}"
EndProject
Project("{2150E333-8FDC-42A3-9474-1A3956D46DE8}") = "Tests", "Tests", "{9F59AD63-F646-45B6-A900-D1F469422AD6}"
EndProject
Project("{FAE04EC0-301F-11D3-BF4B-00C04F79EFBC}") = "TestCaseXp.Application", "TestCaseXp.Application\TestCaseXp.Application.csproj", "{6491B968-7607-4AC5-8ADE-FD46362AA026}"
EndProject
Project("{FAE04EC0-301F-11D3-BF4B-00C04F79EFBC}") = "TestCaseXp.Domain", "TestCaseXp.Domain\TestCaseXp.Domain.csproj", "{75685ED5-B153-4824-BD6B-5FC61B5777E7}"
EndProject
Project("{FAE04EC0-301F-11D3-BF4B-00C04F79EFBC}") = "TestCaseXp.Infrastructure", "TestCaseXp.Infrastructure\TestCaseXp.Infrastructure.csproj", "{A8643352-1CA7-4E06-9FF0-4D3439D01731}"
EndProject
Global
	GlobalSection(SolutionConfigurationPlatforms) = preSolution
		Debug|Any CPU = Debug|Any CPU
		Release|Any CPU = Release|Any CPU
	EndGlobalSection
	GlobalSection(ProjectConfigurationPlatforms) = postSolution
		{8CFAE1AC-3DAD-49DD-9A40-0D16E6AB3E3E}.Debug|Any CPU.ActiveCfg = Debug|Any CPU
		{8CFAE1AC-3DAD-49DD-9A40-0D16E6AB3E3E}.Debug|Any CPU.Build.0 = Debug|Any CPU
		{8CFAE1AC-3DAD-49DD-9A40-0D16E6AB3E3E}.Release|Any CPU.ActiveCfg = Release|Any CPU
		{8CFAE1AC-3DAD-49DD-9A40-0D16E6AB3E3E}.Release|Any CPU.Build.0 = Release|Any CPU
		{6491B968-7607-4AC5-8ADE-FD46362AA026}.Debug|Any CPU.ActiveCfg = Debug|Any CPU
		{6491B968-7607-4AC5-8ADE-FD46362AA026}.Debug|Any CPU.Build.0 = Debug|Any CPU
		{6491B968-7607-4AC5-8ADE-FD46362AA026}.Release|Any CPU.ActiveCfg = Release|Any CPU
		{6491B968-7607-4AC5-8ADE-FD46362AA026}.Release|Any CPU.Build.0 = Release|Any CPU
		{75685ED5-B153-4824-BD6B-5FC61B5777E7}.Debug|Any CPU.ActiveCfg = Debug|Any CPU
		{75685ED5-B153-4824-BD6B-5FC61B5777E7}.Debug|Any CPU.Build.0 = Debug|Any CPU
		{75685ED5-B153-4824-BD6B-5FC61B5777E7}.Release|Any CPU.ActiveCfg = Release|Any CPU
		{75685ED5-B153-4824-BD6B-5FC61B5777E7}.Release|Any CPU.Build.0 = Release|Any CPU
		{A8643352-1CA7-4E06-9FF0-4D3439D01731}.Debug|Any CPU.ActiveCfg = Debug|Any CPU
		{A8643352-1CA7-4E06-9FF0-4D3439D01731}.Debug|Any CPU.Build.0 = Debug|Any CPU
		{A8643352-1CA7-4E06-9FF0-4D3439D01731}.Release|Any CPU.ActiveCfg = Release|Any CPU
		{A8643352-1CA7-4E06-9FF0-4D3439D01731}.Release|Any CPU.Build.0 = Release|Any CPU
	EndGlobalSection
	GlobalSection(SolutionProperties) = preSolution
		HideSolutionNode = FALSE
	EndGlobalSection
	GlobalSection(NestedProjects) = preSolution
		{8CFAE1AC-3DAD-49DD-9A40-0D16E6AB3E3E} = {040A2034-17B8-4CB8-85F5-2155E6F26FD4}
		{040A2034-17B8-4CB8-85F5-2155E6F26FD4} = {637E6584-DD46-422F-965E-B0237EF9BA43}
		{6091C87A-1D32-411C-BD33-980672E267A2} = {637E6584-DD46-422F-965E-B0237EF9BA43}
		{CE35FEE9-AF5E-4634-AF33-79CF8022F5A2} = {637E6584-DD46-422F-965E-B0237EF9BA43}
		{9F59AD63-F646-45B6-A900-D1F469422AD6} = {637E6584-DD46-422F-965E-B0237EF9BA43}
		{6491B968-7607-4AC5-8ADE-FD46362AA026} = {6091C87A-1D32-411C-BD33-980672E267A2}
		{75685ED5-B153-4824-BD6B-5FC61B5777E7} = {6091C87A-1D32-411C-BD33-980672E267A2}
		{A8643352-1CA7-4E06-9FF0-4D3439D01731} = {CE35FEE9-AF5E-4634-AF33-79CF8022F5A2}
	EndGlobalSection
	GlobalSection(ExtensibilityGlobals) = postSolution
		SolutionGuid = {E1790AB5-0317-4FA3-8AB6-CE05836BA3D6}
	EndGlobalSection
EndGlobal
